
Microsoft Visual Studio Solution File, Format Version 12.00
# Visual Studio 15
VisualStudioVersion = 15.0.28307.271
MinimumVisualStudioVersion = 10.0.40219.1
Project("{FAE04EC0-301F-11D3-BF4B-00C04F79EFBC}") = "DictionaryWinApp", "DictionaryWinApp\DictionaryWinApp.csproj", "{13374AB7-2CD8-4CD9-818F-3F7035AA132B}"
EndProject
Global
	GlobalSection(SolutionConfigurationPlatforms) = preSolution
		Debug|Any CPU = Debug|Any CPU
		Release|Any CPU = Release|Any CPU
	EndGlobalSection
	GlobalSection(ProjectConfigurationPlatforms) = postSolution
		{13374AB7-2CD8-4CD9-818F-3F7035AA132B}.Debug|Any CPU.ActiveCfg = Debug|Any CPU
		{13374AB7-2CD8-4CD9-818F-3F7035AA132B}.Debug|Any CPU.Build.0 = Debug|Any CPU
		{13374AB7-2CD8-4CD9-818F-3F7035AA132B}.Release|Any CPU.ActiveCfg = Release|Any CPU
		{13374AB7-2CD8-4CD9-818F-3F7035AA132B}.Release|Any CPU.Build.0 = Release|Any CPU
	EndGlobalSection
	GlobalSection(SolutionProperties) = preSolution
		HideSolutionNode = FALSE
	EndGlobalSection
	GlobalSection(ExtensibilityGlobals) = postSolution
		SolutionGuid = {7445A07D-5F60-435F-ABD3-BB1960A98F8A}
	EndGlobalSection
EndGlobal
