
Microsoft Visual Studio Solution File, Format Version 12.00
# Visual Studio 15
VisualStudioVersion = 15.0.28307.271
MinimumVisualStudioVersion = 10.0.40219.1
Project("{FAE04EC0-301F-11D3-BF4B-00C04F79EFBC}") = "SortedDictionaryWinApp", "SortedDictionaryWinApp\SortedDictionaryWinApp.csproj", "{459EAEC7-5C0A-4A01-9577-04ABA4A3013F}"
EndProject
Global
	GlobalSection(SolutionConfigurationPlatforms) = preSolution
		Debug|Any CPU = Debug|Any CPU
		Release|Any CPU = Release|Any CPU
	EndGlobalSection
	GlobalSection(ProjectConfigurationPlatforms) = postSolution
		{459EAEC7-5C0A-4A01-9577-04ABA4A3013F}.Debug|Any CPU.ActiveCfg = Debug|Any CPU
		{459EAEC7-5C0A-4A01-9577-04ABA4A3013F}.Debug|Any CPU.Build.0 = Debug|Any CPU
		{459EAEC7-5C0A-4A01-9577-04ABA4A3013F}.Release|Any CPU.ActiveCfg = Release|Any CPU
		{459EAEC7-5C0A-4A01-9577-04ABA4A3013F}.Release|Any CPU.Build.0 = Release|Any CPU
	EndGlobalSection
	GlobalSection(SolutionProperties) = preSolution
		HideSolutionNode = FALSE
	EndGlobalSection
	GlobalSection(ExtensibilityGlobals) = postSolution
		SolutionGuid = {7EC29ED2-86B9-4FBA-950B-81D8CD238DA9}
	EndGlobalSection
EndGlobal
